
Microsoft Visual Studio Solution File, Format Version 12.00
# Visual Studio Version 17
VisualStudioVersion = 17.0.31903.59
MinimumVisualStudioVersion = 10.0.40219.1
Project("{FAE04EC0-301F-11D3-BF4B-00C04F79EFBC}") = "common", "common\common.csproj", "{C10426BD-9E4C-4B9D-A51C-D64422B77AA5}"
EndProject
Project("{FAE04EC0-301F-11D3-BF4B-00C04F79EFBC}") = "api", "api\api.csproj", "{F7E8EB7D-EADC-4F3E-AEDB-991F5173A217}"
EndProject
Global
	GlobalSection(SolutionConfigurationPlatforms) = preSolution
		Debug|Any CPU = Debug|Any CPU
		Release|Any CPU = Release|Any CPU
	EndGlobalSection
	GlobalSection(SolutionProperties) = preSolution
		HideSolutionNode = FALSE
	EndGlobalSection
	GlobalSection(ProjectConfigurationPlatforms) = postSolution
		{C10426BD-9E4C-4B9D-A51C-D64422B77AA5}.Debug|Any CPU.ActiveCfg = Debug|Any CPU
		{C10426BD-9E4C-4B9D-A51C-D64422B77AA5}.Debug|Any CPU.Build.0 = Debug|Any CPU
		{C10426BD-9E4C-4B9D-A51C-D64422B77AA5}.Release|Any CPU.ActiveCfg = Release|Any CPU
		{C10426BD-9E4C-4B9D-A51C-D64422B77AA5}.Release|Any CPU.Build.0 = Release|Any CPU
		{F7E8EB7D-EADC-4F3E-AEDB-991F5173A217}.Debug|Any CPU.ActiveCfg = Debug|Any CPU
		{F7E8EB7D-EADC-4F3E-AEDB-991F5173A217}.Debug|Any CPU.Build.0 = Debug|Any CPU
		{F7E8EB7D-EADC-4F3E-AEDB-991F5173A217}.Release|Any CPU.ActiveCfg = Release|Any CPU
		{F7E8EB7D-EADC-4F3E-AEDB-991F5173A217}.Release|Any CPU.Build.0 = Release|Any CPU
	EndGlobalSection
EndGlobal
